
Microsoft Visual Studio Solution File, Format Version 12.00
# Visual Studio Version 16
VisualStudioVersion = 16.0.30503.244
MinimumVisualStudioVersion = 10.0.40219.1
Project("{2150E333-8FDC-42A3-9474-1A3956D46DE8}") = "Microservices", "Microservices", "{022E9D11-D36D-4DA8-A406-3486C94FD51A}"
EndProject
Project("{2150E333-8FDC-42A3-9474-1A3956D46DE8}") = "Domain", "Domain", "{0C24C47B-F912-4057-9F96-094B38310B8F}"
EndProject
Project("{2150E333-8FDC-42A3-9474-1A3956D46DE8}") = "Infra.Ioc", "Infra.Ioc", "{654662BE-CB5C-4CFA-9C8E-86DB2187D34C}"
EndProject
Project("{2150E333-8FDC-42A3-9474-1A3956D46DE8}") = "Infra.Bus", "Infra.Bus", "{7DED82D7-99DB-4F0E-8124-AA6F3BC2C5F6}"
EndProject
Project("{2150E333-8FDC-42A3-9474-1A3956D46DE8}") = "Presentation", "Presentation", "{E3D115C7-4C52-4EC9-8B71-BA9DDC06F864}"
EndProject
Project("{9A19103F-16F7-4668-BE54-9A1E7A4F7556}") = "MicroRabbit.Domain.Core", "MicroRabbit.Domain.Core\MicroRabbit.Domain.Core.csproj", "{09918892-F74C-4BA5-BED5-B50F6A6FDEC9}"
EndProject
Project("{9A19103F-16F7-4668-BE54-9A1E7A4F7556}") = "MicroRabbit.Infra.Bus", "MicroRabbit.Infra.Bus\MicroRabbit.Infra.Bus.csproj", "{8DF10F7A-AEFF-4350-BDE1-82857E3E469F}"
EndProject
Project("{9A19103F-16F7-4668-BE54-9A1E7A4F7556}") = "MicroRabbit.Infra.IoC", "MicroRabbit.Infra.IoC\MicroRabbit.Infra.IoC.csproj", "{7A8C5462-5B06-4194-933C-8D1AF72444A5}"
EndProject
Project("{2150E333-8FDC-42A3-9474-1A3956D46DE8}") = "Banking", "Banking", "{9D65B583-EF4F-45E0-88CC-311DCF0152E4}"
EndProject
Project("{2150E333-8FDC-42A3-9474-1A3956D46DE8}") = "Api", "Api", "{07E97E9F-FF58-4B1F-975C-09D916CACC20}"
EndProject
Project("{2150E333-8FDC-42A3-9474-1A3956D46DE8}") = "Application", "Application", "{23453A3D-4652-4EAD-951D-903CDD7B91CA}"
EndProject
Project("{2150E333-8FDC-42A3-9474-1A3956D46DE8}") = "Domain", "Domain", "{1C3EDE17-0AA4-4E9A-BA1E-D31B9C66A7A1}"
EndProject
Project("{2150E333-8FDC-42A3-9474-1A3956D46DE8}") = "Data", "Data", "{92E6EFF8-B3E6-4E95-8B83-135B55087C77}"
EndProject
Project("{9A19103F-16F7-4668-BE54-9A1E7A4F7556}") = "MicroRabbit.Banking.Api", "MicroRabbit.Banking.Api\MicroRabbit.Banking.Api.csproj", "{B3275955-69F4-4DFB-92AF-720CC2A5D43E}"
EndProject
Project("{9A19103F-16F7-4668-BE54-9A1E7A4F7556}") = "MicroRabbit.Banking.Application", "MicroRabbit.Banking.Application\MicroRabbit.Banking.Application.csproj", "{353B970E-B25B-4388-AF0F-147A91699FFE}"
EndProject
Project("{9A19103F-16F7-4668-BE54-9A1E7A4F7556}") = "MicroRabbit.Banking.Data", "MicroRabbit.Banking.Data\MicroRabbit.Banking.Data.csproj", "{D5080664-C2B0-4BA6-B546-2305F7CE9457}"
EndProject
Project("{9A19103F-16F7-4668-BE54-9A1E7A4F7556}") = "MicroRabbit.Banking.Domain", "MicroRabbit.Banking.Domain\MicroRabbit.Banking.Domain.csproj", "{14D2A93D-4976-43E1-8F40-DB21A1447ED5}"
EndProject
Project("{2150E333-8FDC-42A3-9474-1A3956D46DE8}") = "Transfer", "Transfer", "{7D00B3A1-91C8-4724-8295-C77FF82D4148}"
EndProject
Project("{2150E333-8FDC-42A3-9474-1A3956D46DE8}") = "Api", "Api", "{DF6FF570-BDE0-4AD2-9CC7-91B544E50E46}"
EndProject
Project("{FAE04EC0-301F-11D3-BF4B-00C04F79EFBC}") = "MicroRabbit.Transfer.Api", "MicroRabbit.Transfer.Api\MicroRabbit.Transfer.Api.csproj", "{39F3F004-5AD7-4B0A-8768-964C19B473B9}"
EndProject
Project("{2150E333-8FDC-42A3-9474-1A3956D46DE8}") = "Application", "Application", "{281A33E7-83D4-4EA8-A072-E7B9BB0D1694}"
EndProject
Project("{FAE04EC0-301F-11D3-BF4B-00C04F79EFBC}") = "MicroRabbit.Transfer.Application", "MicroRabbit.Transfer.Application\MicroRabbit.Transfer.Application.csproj", "{A0068DF9-2EA9-4367-8329-A1FB338D15F0}"
EndProject
Project("{2150E333-8FDC-42A3-9474-1A3956D46DE8}") = "Data", "Data", "{98D8433F-1EFD-49FA-BAD7-6032F4623E21}"
EndProject
Project("{FAE04EC0-301F-11D3-BF4B-00C04F79EFBC}") = "MicroRabbit.Transfer.Data", "MicroRabbit.Transfer.Data\MicroRabbit.Transfer.Data.csproj", "{C1D9EB1C-F276-4745-B162-1F998D816AC4}"
EndProject
Project("{2150E333-8FDC-42A3-9474-1A3956D46DE8}") = "Domain", "Domain", "{E155CD20-DE07-4C62-8EAC-3ECC25C05D0D}"
EndProject
Project("{FAE04EC0-301F-11D3-BF4B-00C04F79EFBC}") = "MicroRabbit.Transfer.Domain", "MicroRabbit.Transfer.Domain\MicroRabbit.Transfer.Domain.csproj", "{4827CF3B-FAC5-407F-AD5A-26DC75196A3F}"
EndProject
Global
	GlobalSection(SolutionConfigurationPlatforms) = preSolution
		Debug|Any CPU = Debug|Any CPU
		Release|Any CPU = Release|Any CPU
	EndGlobalSection
	GlobalSection(ProjectConfigurationPlatforms) = postSolution
		{09918892-F74C-4BA5-BED5-B50F6A6FDEC9}.Debug|Any CPU.ActiveCfg = Debug|Any CPU
		{09918892-F74C-4BA5-BED5-B50F6A6FDEC9}.Debug|Any CPU.Build.0 = Debug|Any CPU
		{09918892-F74C-4BA5-BED5-B50F6A6FDEC9}.Release|Any CPU.ActiveCfg = Release|Any CPU
		{09918892-F74C-4BA5-BED5-B50F6A6FDEC9}.Release|Any CPU.Build.0 = Release|Any CPU
		{8DF10F7A-AEFF-4350-BDE1-82857E3E469F}.Debug|Any CPU.ActiveCfg = Debug|Any CPU
		{8DF10F7A-AEFF-4350-BDE1-82857E3E469F}.Debug|Any CPU.Build.0 = Debug|Any CPU
		{8DF10F7A-AEFF-4350-BDE1-82857E3E469F}.Release|Any CPU.ActiveCfg = Release|Any CPU
		{8DF10F7A-AEFF-4350-BDE1-82857E3E469F}.Release|Any CPU.Build.0 = Release|Any CPU
		{7A8C5462-5B06-4194-933C-8D1AF72444A5}.Debug|Any CPU.ActiveCfg = Debug|Any CPU
		{7A8C5462-5B06-4194-933C-8D1AF72444A5}.Debug|Any CPU.Build.0 = Debug|Any CPU
		{7A8C5462-5B06-4194-933C-8D1AF72444A5}.Release|Any CPU.ActiveCfg = Release|Any CPU
		{7A8C5462-5B06-4194-933C-8D1AF72444A5}.Release|Any CPU.Build.0 = Release|Any CPU
		{B3275955-69F4-4DFB-92AF-720CC2A5D43E}.Debug|Any CPU.ActiveCfg = Debug|Any CPU
		{B3275955-69F4-4DFB-92AF-720CC2A5D43E}.Debug|Any CPU.Build.0 = Debug|Any CPU
		{B3275955-69F4-4DFB-92AF-720CC2A5D43E}.Release|Any CPU.ActiveCfg = Release|Any CPU
		{B3275955-69F4-4DFB-92AF-720CC2A5D43E}.Release|Any CPU.Build.0 = Release|Any CPU
		{353B970E-B25B-4388-AF0F-147A91699FFE}.Debug|Any CPU.ActiveCfg = Debug|Any CPU
		{353B970E-B25B-4388-AF0F-147A91699FFE}.Debug|Any CPU.Build.0 = Debug|Any CPU
		{353B970E-B25B-4388-AF0F-147A91699FFE}.Release|Any CPU.ActiveCfg = Release|Any CPU
		{353B970E-B25B-4388-AF0F-147A91699FFE}.Release|Any CPU.Build.0 = Release|Any CPU
		{D5080664-C2B0-4BA6-B546-2305F7CE9457}.Debug|Any CPU.ActiveCfg = Debug|Any CPU
		{D5080664-C2B0-4BA6-B546-2305F7CE9457}.Debug|Any CPU.Build.0 = Debug|Any CPU
		{D5080664-C2B0-4BA6-B546-2305F7CE9457}.Release|Any CPU.ActiveCfg = Release|Any CPU
		{D5080664-C2B0-4BA6-B546-2305F7CE9457}.Release|Any CPU.Build.0 = Release|Any CPU
		{14D2A93D-4976-43E1-8F40-DB21A1447ED5}.Debug|Any CPU.ActiveCfg = Debug|Any CPU
		{14D2A93D-4976-43E1-8F40-DB21A1447ED5}.Debug|Any CPU.Build.0 = Debug|Any CPU
		{14D2A93D-4976-43E1-8F40-DB21A1447ED5}.Release|Any CPU.ActiveCfg = Release|Any CPU
		{14D2A93D-4976-43E1-8F40-DB21A1447ED5}.Release|Any CPU.Build.0 = Release|Any CPU
		{39F3F004-5AD7-4B0A-8768-964C19B473B9}.Debug|Any CPU.ActiveCfg = Debug|Any CPU
		{39F3F004-5AD7-4B0A-8768-964C19B473B9}.Debug|Any CPU.Build.0 = Debug|Any CPU
		{39F3F004-5AD7-4B0A-8768-964C19B473B9}.Release|Any CPU.ActiveCfg = Release|Any CPU
		{39F3F004-5AD7-4B0A-8768-964C19B473B9}.Release|Any CPU.Build.0 = Release|Any CPU
		{A0068DF9-2EA9-4367-8329-A1FB338D15F0}.Debug|Any CPU.ActiveCfg = Debug|Any CPU
		{A0068DF9-2EA9-4367-8329-A1FB338D15F0}.Debug|Any CPU.Build.0 = Debug|Any CPU
		{A0068DF9-2EA9-4367-8329-A1FB338D15F0}.Release|Any CPU.ActiveCfg = Release|Any CPU
		{A0068DF9-2EA9-4367-8329-A1FB338D15F0}.Release|Any CPU.Build.0 = Release|Any CPU
		{C1D9EB1C-F276-4745-B162-1F998D816AC4}.Debug|Any CPU.ActiveCfg = Debug|Any CPU
		{C1D9EB1C-F276-4745-B162-1F998D816AC4}.Debug|Any CPU.Build.0 = Debug|Any CPU
		{C1D9EB1C-F276-4745-B162-1F998D816AC4}.Release|Any CPU.ActiveCfg = Release|Any CPU
		{C1D9EB1C-F276-4745-B162-1F998D816AC4}.Release|Any CPU.Build.0 = Release|Any CPU
		{4827CF3B-FAC5-407F-AD5A-26DC75196A3F}.Debug|Any CPU.ActiveCfg = Debug|Any CPU
		{4827CF3B-FAC5-407F-AD5A-26DC75196A3F}.Debug|Any CPU.Build.0 = Debug|Any CPU
		{4827CF3B-FAC5-407F-AD5A-26DC75196A3F}.Release|Any CPU.ActiveCfg = Release|Any CPU
		{4827CF3B-FAC5-407F-AD5A-26DC75196A3F}.Release|Any CPU.Build.0 = Release|Any CPU
	EndGlobalSection
	GlobalSection(SolutionProperties) = preSolution
		HideSolutionNode = FALSE
	EndGlobalSection
	GlobalSection(NestedProjects) = preSolution
		{09918892-F74C-4BA5-BED5-B50F6A6FDEC9} = {0C24C47B-F912-4057-9F96-094B38310B8F}
		{8DF10F7A-AEFF-4350-BDE1-82857E3E469F} = {7DED82D7-99DB-4F0E-8124-AA6F3BC2C5F6}
		{7A8C5462-5B06-4194-933C-8D1AF72444A5} = {654662BE-CB5C-4CFA-9C8E-86DB2187D34C}
		{9D65B583-EF4F-45E0-88CC-311DCF0152E4} = {022E9D11-D36D-4DA8-A406-3486C94FD51A}
		{07E97E9F-FF58-4B1F-975C-09D916CACC20} = {9D65B583-EF4F-45E0-88CC-311DCF0152E4}
		{23453A3D-4652-4EAD-951D-903CDD7B91CA} = {9D65B583-EF4F-45E0-88CC-311DCF0152E4}
		{1C3EDE17-0AA4-4E9A-BA1E-D31B9C66A7A1} = {9D65B583-EF4F-45E0-88CC-311DCF0152E4}
		{92E6EFF8-B3E6-4E95-8B83-135B55087C77} = {9D65B583-EF4F-45E0-88CC-311DCF0152E4}
		{B3275955-69F4-4DFB-92AF-720CC2A5D43E} = {07E97E9F-FF58-4B1F-975C-09D916CACC20}
		{353B970E-B25B-4388-AF0F-147A91699FFE} = {23453A3D-4652-4EAD-951D-903CDD7B91CA}
		{D5080664-C2B0-4BA6-B546-2305F7CE9457} = {92E6EFF8-B3E6-4E95-8B83-135B55087C77}
		{14D2A93D-4976-43E1-8F40-DB21A1447ED5} = {1C3EDE17-0AA4-4E9A-BA1E-D31B9C66A7A1}
		{7D00B3A1-91C8-4724-8295-C77FF82D4148} = {022E9D11-D36D-4DA8-A406-3486C94FD51A}
		{DF6FF570-BDE0-4AD2-9CC7-91B544E50E46} = {7D00B3A1-91C8-4724-8295-C77FF82D4148}
		{39F3F004-5AD7-4B0A-8768-964C19B473B9} = {DF6FF570-BDE0-4AD2-9CC7-91B544E50E46}
		{281A33E7-83D4-4EA8-A072-E7B9BB0D1694} = {7D00B3A1-91C8-4724-8295-C77FF82D4148}
		{A0068DF9-2EA9-4367-8329-A1FB338D15F0} = {281A33E7-83D4-4EA8-A072-E7B9BB0D1694}
		{98D8433F-1EFD-49FA-BAD7-6032F4623E21} = {7D00B3A1-91C8-4724-8295-C77FF82D4148}
		{C1D9EB1C-F276-4745-B162-1F998D816AC4} = {98D8433F-1EFD-49FA-BAD7-6032F4623E21}
		{E155CD20-DE07-4C62-8EAC-3ECC25C05D0D} = {7D00B3A1-91C8-4724-8295-C77FF82D4148}
		{4827CF3B-FAC5-407F-AD5A-26DC75196A3F} = {E155CD20-DE07-4C62-8EAC-3ECC25C05D0D}
	EndGlobalSection
	GlobalSection(ExtensibilityGlobals) = postSolution
		SolutionGuid = {A8FF5553-6086-4067-A3E3-8FB87385D7B0}
	EndGlobalSection
EndGlobal
